// !$*UTF8*$!
{
	archiveVersion = 1;
	classes = {
	};
	objectVersion = 46;
	objects = {

/* Begin PBXBuildFile section */
		DC47BF73187B44C200033B55 /* Cocoa.framework in Frameworks */ = {isa = PBXBuildFile; fileRef = DCA129E118539CCC006D6455 /* Cocoa.framework */; };
		DC47BF79187B44C200033B55 /* InfoPlist.strings in Resources */ = {isa = PBXBuildFile; fileRef = DC47BF77187B44C200033B55 /* InfoPlist.strings */; };
		DC47BF7B187B44C200033B55 /* main.m in Sources */ = {isa = PBXBuildFile; fileRef = DC47BF7A187B44C200033B55 /* main.m */; };
		DC47BF7F187B44C200033B55 /* Credits.rtf in Resources */ = {isa = PBXBuildFile; fileRef = DC47BF7D187B44C200033B55 /* Credits.rtf */; };
		DC47BF82187B44C200033B55 /* GLRapidView_OSX_TestAppDelegate.m in Sources */ = {isa = PBXBuildFile; fileRef = DC47BF81187B44C200033B55 /* GLRapidView_OSX_TestAppDelegate.m */; };
		DC47BF85187B44C200033B55 /* MainMenu.xib in Resources */ = {isa = PBXBuildFile; fileRef = DC47BF83187B44C200033B55 /* MainMenu.xib */; };
		DC47BF87187B44C200033B55 /* Images.xcassets in Resources */ = {isa = PBXBuildFile; fileRef = DC47BF86187B44C200033B55 /* Images.xcassets */; };
		DC47BFA3187B4BB600033B55 /* NSOpenGLView+MouseEvents.m in Sources */ = {isa = PBXBuildFile; fileRef = DCDF2DEC1879B4F7002C8088 /* NSOpenGLView+MouseEvents.m */; };
		DC47BFA4187B4BBB00033B55 /* NSOpenGLView+DynamicDraw.m in Sources */ = {isa = PBXBuildFile; fileRef = DCDF2DEA1879B4F7002C8088 /* NSOpenGLView+DynamicDraw.m */; };
		DC47BFA5187B4C0E00033B55 /* OpenGL.framework in Frameworks */ = {isa = PBXBuildFile; fileRef = DCEBEB3F18689B5E001603EF /* OpenGL.framework */; };
		DC47BFAE187B4DC500033B55 /* fragment1.fsh in Sources */ = {isa = PBXBuildFile; fileRef = DC47BFAA187B4DC500033B55 /* fragment1.fsh */; };
		DC47BFAF187B4DC500033B55 /* fragment2.fsh in Sources */ = {isa = PBXBuildFile; fileRef = DC47BFAB187B4DC500033B55 /* fragment2.fsh */; };
		DC47BFB0187B4DC500033B55 /* fragment3.fsh in Sources */ = {isa = PBXBuildFile; fileRef = DC47BFAC187B4DC500033B55 /* fragment3.fsh */; };
		DC47BFB1187B4DC500033B55 /* vertex.vsh in Sources */ = {isa = PBXBuildFile; fileRef = DC47BFAD187B4DC500033B55 /* vertex.vsh */; };
		DC47BFB2187B4E5100033B55 /* fragment1.fsh in Resources */ = {isa = PBXBuildFile; fileRef = DC47BFAA187B4DC500033B55 /* fragment1.fsh */; };
		DC47BFB3187B4E5100033B55 /* fragment2.fsh in Resources */ = {isa = PBXBuildFile; fileRef = DC47BFAB187B4DC500033B55 /* fragment2.fsh */; };
		DC47BFB4187B4E5100033B55 /* fragment3.fsh in Resources */ = {isa = PBXBuildFile; fileRef = DC47BFAC187B4DC500033B55 /* fragment3.fsh */; };
		DC47BFB5187B4E5100033B55 /* vertex.vsh in Resources */ = {isa = PBXBuildFile; fileRef = DC47BFAD187B4DC500033B55 /* vertex.vsh */; };
		DCA129E218539CCC006D6455 /* Cocoa.framework in Frameworks */ = {isa = PBXBuildFile; fileRef = DCA129E118539CCC006D6455 /* Cocoa.framework */; };
		DCA129EC18539CCC006D6455 /* InfoPlist.strings in Resources */ = {isa = PBXBuildFile; fileRef = DCA129EA18539CCC006D6455 /* InfoPlist.strings */; };
		DCA129EE18539CCC006D6455 /* main.m in Sources */ = {isa = PBXBuildFile; fileRef = DCA129ED18539CCC006D6455 /* main.m */; };
		DCA129F218539CCC006D6455 /* Credits.rtf in Resources */ = {isa = PBXBuildFile; fileRef = DCA129F018539CCC006D6455 /* Credits.rtf */; };
		DCA129F518539CCC006D6455 /* NSUIRapidViewAppDelegate.m in Sources */ = {isa = PBXBuildFile; fileRef = DCA129F418539CCC006D6455 /* NSUIRapidViewAppDelegate.m */; };
		DCA129F818539CCC006D6455 /* MainMenu.xib in Resources */ = {isa = PBXBuildFile; fileRef = DCA129F618539CCC006D6455 /* MainMenu.xib */; };
		DCA129FA18539CCC006D6455 /* Images.xcassets in Resources */ = {isa = PBXBuildFile; fileRef = DCA129F918539CCC006D6455 /* Images.xcassets */; };
		DCA12A2018539E14006D6455 /* Foundation.framework in Frameworks */ = {isa = PBXBuildFile; fileRef = DCA12A1F18539E14006D6455 /* Foundation.framework */; };
		DCA12A2218539E14006D6455 /* CoreGraphics.framework in Frameworks */ = {isa = PBXBuildFile; fileRef = DCA12A2118539E14006D6455 /* CoreGraphics.framework */; };
		DCA12A2418539E14006D6455 /* UIKit.framework in Frameworks */ = {isa = PBXBuildFile; fileRef = DCA12A2318539E14006D6455 /* UIKit.framework */; };
		DCA12A2A18539E14006D6455 /* InfoPlist.strings in Resources */ = {isa = PBXBuildFile; fileRef = DCA12A2818539E14006D6455 /* InfoPlist.strings */; };
		DCA12A2C18539E14006D6455 /* main.m in Sources */ = {isa = PBXBuildFile; fileRef = DCA12A2B18539E14006D6455 /* main.m */; };
		DCA12A3018539E14006D6455 /* NSUIRapidViewAppDelegate.m in Sources */ = {isa = PBXBuildFile; fileRef = DCA12A2F18539E14006D6455 /* NSUIRapidViewAppDelegate.m */; };
		DCA12A3318539E14006D6455 /* Main_iPhone.storyboard in Resources */ = {isa = PBXBuildFile; fileRef = DCA12A3118539E14006D6455 /* Main_iPhone.storyboard */; };
		DCA12A3618539E14006D6455 /* Main_iPad.storyboard in Resources */ = {isa = PBXBuildFile; fileRef = DCA12A3418539E14006D6455 /* Main_iPad.storyboard */; };
		DCA12A3918539E14006D6455 /* NSUIRapidViewViewController.m in Sources */ = {isa = PBXBuildFile; fileRef = DCA12A3818539E14006D6455 /* NSUIRapidViewViewController.m */; };
		DCA12A3B18539E14006D6455 /* Images.xcassets in Resources */ = {isa = PBXBuildFile; fileRef = DCA12A3A18539E14006D6455 /* Images.xcassets */; };
		DCA12A571853A68E006D6455 /* CommonDrawCode.m in Sources */ = {isa = PBXBuildFile; fileRef = DCA12A561853A68E006D6455 /* CommonDrawCode.m */; };
		DCA12A581853A68E006D6455 /* CommonDrawCode.m in Sources */ = {isa = PBXBuildFile; fileRef = DCA12A561853A68E006D6455 /* CommonDrawCode.m */; };
		DCA12A5D18548E52006D6455 /* QuartzCore.framework in Frameworks */ = {isa = PBXBuildFile; fileRef = DCA12A5C18548E52006D6455 /* QuartzCore.framework */; };
		DCDE1C09186C9F4D00D36E68 /* GLKit.framework in Frameworks */ = {isa = PBXBuildFile; fileRef = DCDE1C07186C9F4D00D36E68 /* GLKit.framework */; };
		DCDE1C0A186C9F4D00D36E68 /* OpenGLES.framework in Frameworks */ = {isa = PBXBuildFile; fileRef = DCDE1C08186C9F4D00D36E68 /* OpenGLES.framework */; };
		DCDF2DED1879B4F7002C8088 /* NSView+DynamicDraw.m in Sources */ = {isa = PBXBuildFile; fileRef = DCDF2DE41879B4F7002C8088 /* NSView+DynamicDraw.m */; };
		DCDF2DEE1879B4F7002C8088 /* NSView+MouseEvents.m in Sources */ = {isa = PBXBuildFile; fileRef = DCDF2DE61879B4F7002C8088 /* NSView+MouseEvents.m */; };
		DCDF2DF71879B56C002C8088 /* UIView+DynamicDraw.m in Sources */ = {isa = PBXBuildFile; fileRef = DCDF2DF41879B56C002C8088 /* UIView+DynamicDraw.m */; };
		DCDF2DF81879B56C002C8088 /* UIView+TouchesEvents.m in Sources */ = {isa = PBXBuildFile; fileRef = DCDF2DF61879B56C002C8088 /* UIView+TouchesEvents.m */; };
		DCDF2DFC1879B726002C8088 /* XRapidView.m in Sources */ = {isa = PBXBuildFile; fileRef = DCDF2DFB1879B726002C8088 /* XRapidView.m */; };
		DCEA20741857A5B30002ADB4 /* Life.m in Sources */ = {isa = PBXBuildFile; fileRef = DCEA20731857A5B30002ADB4 /* Life.m */; };
		DCEA20751857A5B30002ADB4 /* Life.m in Sources */ = {isa = PBXBuildFile; fileRef = DCEA20731857A5B30002ADB4 /* Life.m */; };
/* End PBXBuildFile section */

/* Begin PBXFileReference section */
		DC14A2BD186C3A230086F06C /* GLKit.framework */ = {isa = PBXFileReference; lastKnownFileType = wrapper.framework; name = GLKit.framework; path = System/Library/Frameworks/GLKit.framework; sourceTree = SDKROOT; };
		DC14A2BF186C3A230086F06C /* OpenGLES.framework */ = {isa = PBXFileReference; lastKnownFileType = wrapper.framework; name = OpenGLES.framework; path = Library/Frameworks/OpenGLES.framework; sourceTree = DEVELOPER_DIR; };
		DC47BF72187B44C200033B55 /* GLRapidView_OSX_Test.app */ = {isa = PBXFileReference; explicitFileType = wrapper.application; includeInIndex = 0; path = GLRapidView_OSX_Test.app; sourceTree = BUILT_PRODUCTS_DIR; };
		DC47BF76187B44C200033B55 /* GLRapidView_OSX_Test-Info.plist */ = {isa = PBXFileReference; lastKnownFileType = text.plist.xml; path = "GLRapidView_OSX_Test-Info.plist"; sourceTree = "<group>"; };
		DC47BF78187B44C200033B55 /* en */ = {isa = PBXFileReference; lastKnownFileType = text.plist.strings; name = en; path = en.lproj/InfoPlist.strings; sourceTree = "<group>"; };
		DC47BF7A187B44C200033B55 /* main.m */ = {isa = PBXFileReference; lastKnownFileType = sourcecode.c.objc; path = main.m; sourceTree = "<group>"; };
		DC47BF7C187B44C200033B55 /* GLRapidView_OSX_Test-Prefix.pch */ = {isa = PBXFileReference; lastKnownFileType = sourcecode.c.h; path = "GLRapidView_OSX_Test-Prefix.pch"; sourceTree = "<group>"; };
		DC47BF7E187B44C200033B55 /* en */ = {isa = PBXFileReference; lastKnownFileType = text.rtf; name = en; path = en.lproj/Credits.rtf; sourceTree = "<group>"; };
		DC47BF80187B44C200033B55 /* GLRapidView_OSX_TestAppDelegate.h */ = {isa = PBXFileReference; lastKnownFileType = sourcecode.c.h; path = GLRapidView_OSX_TestAppDelegate.h; sourceTree = "<group>"; };
		DC47BF81187B44C200033B55 /* GLRapidView_OSX_TestAppDelegate.m */ = {isa = PBXFileReference; lastKnownFileType = sourcecode.c.objc; path = GLRapidView_OSX_TestAppDelegate.m; sourceTree = "<group>"; };
		DC47BF84187B44C200033B55 /* Base */ = {isa = PBXFileReference; lastKnownFileType = file.xib; name = Base; path = Base.lproj/MainMenu.xib; sourceTree = "<group>"; };
		DC47BF86187B44C200033B55 /* Images.xcassets */ = {isa = PBXFileReference; lastKnownFileType = folder.assetcatalog; path = Images.xcassets; sourceTree = "<group>"; };
		DC47BFAA187B4DC500033B55 /* fragment1.fsh */ = {isa = PBXFileReference; fileEncoding = 4; lastKnownFileType = sourcecode.glsl; path = fragment1.fsh; sourceTree = "<group>"; };
		DC47BFAB187B4DC500033B55 /* fragment2.fsh */ = {isa = PBXFileReference; fileEncoding = 4; lastKnownFileType = sourcecode.glsl; path = fragment2.fsh; sourceTree = "<group>"; };
		DC47BFAC187B4DC500033B55 /* fragment3.fsh */ = {isa = PBXFileReference; fileEncoding = 4; lastKnownFileType = sourcecode.glsl; path = fragment3.fsh; sourceTree = "<group>"; };
		DC47BFAD187B4DC500033B55 /* vertex.vsh */ = {isa = PBXFileReference; fileEncoding = 4; lastKnownFileType = sourcecode.glsl; path = vertex.vsh; sourceTree = "<group>"; };
		DCA129DE18539CCC006D6455 /* NSUIRapidView_OSX_Test.app */ = {isa = PBXFileReference; explicitFileType = wrapper.application; includeInIndex = 0; path = NSUIRapidView_OSX_Test.app; sourceTree = BUILT_PRODUCTS_DIR; };
		DCA129E118539CCC006D6455 /* Cocoa.framework */ = {isa = PBXFileReference; lastKnownFileType = wrapper.framework; name = Cocoa.framework; path = System/Library/Frameworks/Cocoa.framework; sourceTree = SDKROOT; };
		DCA129E418539CCC006D6455 /* AppKit.framework */ = {isa = PBXFileReference; lastKnownFileType = wrapper.framework; name = AppKit.framework; path = System/Library/Frameworks/AppKit.framework; sourceTree = SDKROOT; };
		DCA129E518539CCC006D6455 /* CoreData.framework */ = {isa = PBXFileReference; lastKnownFileType = wrapper.framework; name = CoreData.framework; path = System/Library/Frameworks/CoreData.framework; sourceTree = SDKROOT; };
		DCA129E618539CCC006D6455 /* Foundation.framework */ = {isa = PBXFileReference; lastKnownFileType = wrapper.framework; name = Foundation.framework; path = System/Library/Frameworks/Foundation.framework; sourceTree = SDKROOT; };
		DCA129E918539CCC006D6455 /* NSUIRapidView_OSX_Test-Info.plist */ = {isa = PBXFileReference; lastKnownFileType = text.plist.xml; path = "NSUIRapidView_OSX_Test-Info.plist"; sourceTree = "<group>"; };
		DCA129EB18539CCC006D6455 /* en */ = {isa = PBXFileReference; lastKnownFileType = text.plist.strings; name = en; path = en.lproj/InfoPlist.strings; sourceTree = "<group>"; };
		DCA129ED18539CCC006D6455 /* main.m */ = {isa = PBXFileReference; lastKnownFileType = sourcecode.c.objc; path = main.m; sourceTree = "<group>"; };
		DCA129EF18539CCC006D6455 /* NSUIRapidView_OSX_Test-Prefix.pch */ = {isa = PBXFileReference; lastKnownFileType = sourcecode.c.h; path = "NSUIRapidView_OSX_Test-Prefix.pch"; sourceTree = "<group>"; };
		DCA129F118539CCC006D6455 /* en */ = {isa = PBXFileReference; lastKnownFileType = text.rtf; name = en; path = en.lproj/Credits.rtf; sourceTree = "<group>"; };
		DCA129F318539CCC006D6455 /* NSUIRapidViewAppDelegate.h */ = {isa = PBXFileReference; lastKnownFileType = sourcecode.c.h; path = NSUIRapidViewAppDelegate.h; sourceTree = "<group>"; };
		DCA129F418539CCC006D6455 /* NSUIRapidViewAppDelegate.m */ = {isa = PBXFileReference; lastKnownFileType = sourcecode.c.objc; path = NSUIRapidViewAppDelegate.m; sourceTree = "<group>"; };
		DCA129F718539CCC006D6455 /* Base */ = {isa = PBXFileReference; lastKnownFileType = file.xib; name = Base; path = Base.lproj/MainMenu.xib; sourceTree = "<group>"; };
		DCA129F918539CCC006D6455 /* Images.xcassets */ = {isa = PBXFileReference; lastKnownFileType = folder.assetcatalog; path = Images.xcassets; sourceTree = "<group>"; };
		DCA12A0018539CCC006D6455 /* XCTest.framework */ = {isa = PBXFileReference; lastKnownFileType = wrapper.framework; name = XCTest.framework; path = Library/Frameworks/XCTest.framework; sourceTree = DEVELOPER_DIR; };
		DCA12A1E18539E14006D6455 /* NSUIRapidView_IOS_Test.app */ = {isa = PBXFileReference; explicitFileType = wrapper.application; includeInIndex = 0; path = NSUIRapidView_IOS_Test.app; sourceTree = BUILT_PRODUCTS_DIR; };
		DCA12A1F18539E14006D6455 /* Foundation.framework */ = {isa = PBXFileReference; lastKnownFileType = wrapper.framework; name = Foundation.framework; path = System/Library/Frameworks/Foundation.framework; sourceTree = SDKROOT; };
		DCA12A2118539E14006D6455 /* CoreGraphics.framework */ = {isa = PBXFileReference; lastKnownFileType = wrapper.framework; name = CoreGraphics.framework; path = System/Library/Frameworks/CoreGraphics.framework; sourceTree = SDKROOT; };
		DCA12A2318539E14006D6455 /* UIKit.framework */ = {isa = PBXFileReference; lastKnownFileType = wrapper.framework; name = UIKit.framework; path = Library/Frameworks/UIKit.framework; sourceTree = DEVELOPER_DIR; };
		DCA12A2718539E14006D6455 /* NSUIRapidView_IOS_Test-Info.plist */ = {isa = PBXFileReference; lastKnownFileType = text.plist.xml; path = "NSUIRapidView_IOS_Test-Info.plist"; sourceTree = "<group>"; };
		DCA12A2918539E14006D6455 /* en */ = {isa = PBXFileReference; lastKnownFileType = text.plist.strings; name = en; path = en.lproj/InfoPlist.strings; sourceTree = "<group>"; };
		DCA12A2B18539E14006D6455 /* main.m */ = {isa = PBXFileReference; lastKnownFileType = sourcecode.c.objc; path = main.m; sourceTree = "<group>"; };
		DCA12A2D18539E14006D6455 /* NSUIRapidView_IOS_Test-Prefix.pch */ = {isa = PBXFileReference; lastKnownFileType = sourcecode.c.h; path = "NSUIRapidView_IOS_Test-Prefix.pch"; sourceTree = "<group>"; };
		DCA12A2E18539E14006D6455 /* NSUIRapidViewAppDelegate.h */ = {isa = PBXFileReference; lastKnownFileType = sourcecode.c.h; path = NSUIRapidViewAppDelegate.h; sourceTree = "<group>"; };
		DCA12A2F18539E14006D6455 /* NSUIRapidViewAppDelegate.m */ = {isa = PBXFileReference; lastKnownFileType = sourcecode.c.objc; path = NSUIRapidViewAppDelegate.m; sourceTree = "<group>"; };
		DCA12A3218539E14006D6455 /* Base */ = {isa = PBXFileReference; lastKnownFileType = file.storyboard; name = Base; path = Base.lproj/Main_iPhone.storyboard; sourceTree = "<group>"; };
		DCA12A3518539E14006D6455 /* Base */ = {isa = PBXFileReference; lastKnownFileType = file.storyboard; name = Base; path = Base.lproj/Main_iPad.storyboard; sourceTree = "<group>"; };
		DCA12A3718539E14006D6455 /* NSUIRapidViewViewController.h */ = {isa = PBXFileReference; lastKnownFileType = sourcecode.c.h; path = NSUIRapidViewViewController.h; sourceTree = "<group>"; };
		DCA12A3818539E14006D6455 /* NSUIRapidViewViewController.m */ = {isa = PBXFileReference; lastKnownFileType = sourcecode.c.objc; path = NSUIRapidViewViewController.m; sourceTree = "<group>"; };
		DCA12A3A18539E14006D6455 /* Images.xcassets */ = {isa = PBXFileReference; lastKnownFileType = folder.assetcatalog; path = Images.xcassets; sourceTree = "<group>"; };
		DCA12A551853A68E006D6455 /* CommonDrawCode.h */ = {isa = PBXFileReference; fileEncoding = 4; lastKnownFileType = sourcecode.c.h; name = CommonDrawCode.h; path = "Common test/CommonDrawCode.h"; sourceTree = "<group>"; };
		DCA12A561853A68E006D6455 /* CommonDrawCode.m */ = {isa = PBXFileReference; fileEncoding = 4; lastKnownFileType = sourcecode.c.objc; name = CommonDrawCode.m; path = "Common test/CommonDrawCode.m"; sourceTree = "<group>"; };
		DCA12A5C18548E52006D6455 /* QuartzCore.framework */ = {isa = PBXFileReference; lastKnownFileType = wrapper.framework; name = QuartzCore.framework; path = System/Library/Frameworks/QuartzCore.framework; sourceTree = SDKROOT; };
		DCDE1C07186C9F4D00D36E68 /* GLKit.framework */ = {isa = PBXFileReference; lastKnownFileType = wrapper.framework; name = GLKit.framework; path = Platforms/iPhoneOS.platform/Developer/SDKs/iPhoneOS7.0.sdk/System/Library/Frameworks/GLKit.framework; sourceTree = DEVELOPER_DIR; };
		DCDE1C08186C9F4D00D36E68 /* OpenGLES.framework */ = {isa = PBXFileReference; lastKnownFileType = wrapper.framework; name = OpenGLES.framework; path = Platforms/iPhoneOS.platform/Developer/SDKs/iPhoneOS7.0.sdk/System/Library/Frameworks/OpenGLES.framework; sourceTree = DEVELOPER_DIR; };
		DCDF2DE31879B4F7002C8088 /* NSView+DynamicDraw.h */ = {isa = PBXFileReference; fileEncoding = 4; lastKnownFileType = sourcecode.c.h; path = "NSView+DynamicDraw.h"; sourceTree = "<group>"; };
		DCDF2DE41879B4F7002C8088 /* NSView+DynamicDraw.m */ = {isa = PBXFileReference; fileEncoding = 4; lastKnownFileType = sourcecode.c.objc; path = "NSView+DynamicDraw.m"; sourceTree = "<group>"; };
		DCDF2DE51879B4F7002C8088 /* NSView+MouseEvents.h */ = {isa = PBXFileReference; fileEncoding = 4; lastKnownFileType = sourcecode.c.h; path = "NSView+MouseEvents.h"; sourceTree = "<group>"; };
		DCDF2DE61879B4F7002C8088 /* NSView+MouseEvents.m */ = {isa = PBXFileReference; fileEncoding = 4; lastKnownFileType = sourcecode.c.objc; path = "NSView+MouseEvents.m"; sourceTree = "<group>"; };
		DCDF2DE91879B4F7002C8088 /* NSOpenGLView+DynamicDraw.h */ = {isa = PBXFileReference; fileEncoding = 4; lastKnownFileType = sourcecode.c.h; path = "NSOpenGLView+DynamicDraw.h"; sourceTree = "<group>"; };
		DCDF2DEA1879B4F7002C8088 /* NSOpenGLView+DynamicDraw.m */ = {isa = PBXFileReference; fileEncoding = 4; lastKnownFileType = sourcecode.c.objc; path = "NSOpenGLView+DynamicDraw.m"; sourceTree = "<group>"; };
		DCDF2DEB1879B4F7002C8088 /* NSOpenGLView+MouseEvents.h */ = {isa = PBXFileReference; fileEncoding = 4; lastKnownFileType = sourcecode.c.h; path = "NSOpenGLView+MouseEvents.h"; sourceTree = "<group>"; };
		DCDF2DEC1879B4F7002C8088 /* NSOpenGLView+MouseEvents.m */ = {isa = PBXFileReference; fileEncoding = 4; lastKnownFileType = sourcecode.c.objc; path = "NSOpenGLView+MouseEvents.m"; sourceTree = "<group>"; };
		DCDF2DF31879B56C002C8088 /* UIView+DynamicDraw.h */ = {isa = PBXFileReference; fileEncoding = 4; lastKnownFileType = sourcecode.c.h; path = "UIView+DynamicDraw.h"; sourceTree = "<group>"; };
		DCDF2DF41879B56C002C8088 /* UIView+DynamicDraw.m */ = {isa = PBXFileReference; fileEncoding = 4; lastKnownFileType = sourcecode.c.objc; path = "UIView+DynamicDraw.m"; sourceTree = "<group>"; };
		DCDF2DF51879B56C002C8088 /* UIView+TouchesEvents.h */ = {isa = PBXFileReference; fileEncoding = 4; lastKnownFileType = sourcecode.c.h; path = "UIView+TouchesEvents.h"; sourceTree = "<group>"; };
		DCDF2DF61879B56C002C8088 /* UIView+TouchesEvents.m */ = {isa = PBXFileReference; fileEncoding = 4; lastKnownFileType = sourcecode.c.objc; path = "UIView+TouchesEvents.m"; sourceTree = "<group>"; };
		DCDF2DFA1879B726002C8088 /* XRapidView.h */ = {isa = PBXFileReference; fileEncoding = 4; lastKnownFileType = sourcecode.c.h; path = XRapidView.h; sourceTree = "<group>"; };
		DCDF2DFB1879B726002C8088 /* XRapidView.m */ = {isa = PBXFileReference; fileEncoding = 4; lastKnownFileType = sourcecode.c.objc; path = XRapidView.m; sourceTree = "<group>"; };
		DCE501D91869531500A3BABB /* GLUT.framework */ = {isa = PBXFileReference; lastKnownFileType = wrapper.framework; name = GLUT.framework; path = System/Library/Frameworks/GLUT.framework; sourceTree = SDKROOT; };
		DCEA20721857A5B30002ADB4 /* Life.h */ = {isa = PBXFileReference; fileEncoding = 4; lastKnownFileType = sourcecode.c.h; name = Life.h; path = "Common test/Life.h"; sourceTree = "<group>"; };
		DCEA20731857A5B30002ADB4 /* Life.m */ = {isa = PBXFileReference; fileEncoding = 4; lastKnownFileType = sourcecode.c.objc; name = Life.m; path = "Common test/Life.m"; sourceTree = "<group>"; };
		DCEBEAA518688499001603EF /* QuartzCore.framework */ = {isa = PBXFileReference; lastKnownFileType = wrapper.framework; name = QuartzCore.framework; path = Platforms/iPhoneOS.platform/Developer/SDKs/iPhoneOS7.0.sdk/System/Library/Frameworks/QuartzCore.framework; sourceTree = DEVELOPER_DIR; };
		DCEBEB3F18689B5E001603EF /* OpenGL.framework */ = {isa = PBXFileReference; lastKnownFileType = wrapper.framework; name = OpenGL.framework; path = System/Library/Frameworks/OpenGL.framework; sourceTree = SDKROOT; };
/* End PBXFileReference section */

/* Begin PBXFrameworksBuildPhase section */
		DC47BF6F187B44C200033B55 /* Frameworks */ = {
			isa = PBXFrameworksBuildPhase;
			buildActionMask = 2147483647;
			files = (
				DC47BFA5187B4C0E00033B55 /* OpenGL.framework in Frameworks */,
				DC47BF73187B44C200033B55 /* Cocoa.framework in Frameworks */,
			);
			runOnlyForDeploymentPostprocessing = 0;
		};
		DCA129DB18539CCC006D6455 /* Frameworks */ = {
			isa = PBXFrameworksBuildPhase;
			buildActionMask = 2147483647;
			files = (
				DCA12A5D18548E52006D6455 /* QuartzCore.framework in Frameworks */,
				DCA129E218539CCC006D6455 /* Cocoa.framework in Frameworks */,
			);
			runOnlyForDeploymentPostprocessing = 0;
		};
		DCA12A1B18539E14006D6455 /* Frameworks */ = {
			isa = PBXFrameworksBuildPhase;
			buildActionMask = 2147483647;
			files = (
				DCDE1C09186C9F4D00D36E68 /* GLKit.framework in Frameworks */,
				DCDE1C0A186C9F4D00D36E68 /* OpenGLES.framework in Frameworks */,
				DCA12A2218539E14006D6455 /* CoreGraphics.framework in Frameworks */,
				DCA12A2418539E14006D6455 /* UIKit.framework in Frameworks */,
				DCA12A2018539E14006D6455 /* Foundation.framework in Frameworks */,
			);
			runOnlyForDeploymentPostprocessing = 0;
		};
/* End PBXFrameworksBuildPhase section */

/* Begin PBXGroup section */
		DC47BF74187B44C200033B55 /* GLRapidView_OSX_Test */ = {
			isa = PBXGroup;
			children = (
				DC47BFAA187B4DC500033B55 /* fragment1.fsh */,
				DC47BFAB187B4DC500033B55 /* fragment2.fsh */,
				DC47BFAC187B4DC500033B55 /* fragment3.fsh */,
				DC47BFAD187B4DC500033B55 /* vertex.vsh */,
				DC47BF80187B44C200033B55 /* GLRapidView_OSX_TestAppDelegate.h */,
				DC47BF81187B44C200033B55 /* GLRapidView_OSX_TestAppDelegate.m */,
				DC47BF83187B44C200033B55 /* MainMenu.xib */,
				DC47BF86187B44C200033B55 /* Images.xcassets */,
				DC47BF75187B44C200033B55 /* Supporting Files */,
			);
			path = GLRapidView_OSX_Test;
			sourceTree = "<group>";
		};
		DC47BF75187B44C200033B55 /* Supporting Files */ = {
			isa = PBXGroup;
			children = (
				DC47BF76187B44C200033B55 /* GLRapidView_OSX_Test-Info.plist */,
				DC47BF77187B44C200033B55 /* InfoPlist.strings */,
				DC47BF7A187B44C200033B55 /* main.m */,
				DC47BF7C187B44C200033B55 /* GLRapidView_OSX_Test-Prefix.pch */,
				DC47BF7D187B44C200033B55 /* Credits.rtf */,
			);
			name = "Supporting Files";
			sourceTree = "<group>";
		};
		DCA129D518539CCB006D6455 = {
			isa = PBXGroup;
			children = (
				DCEBEA7918688278001603EF /* NSUIView */,
				DCEBEA781868825D001603EF /* Common tests  */,
				DCA129E718539CCC006D6455 /* NSUIRapidView_OSX_Test */,
				DCA12A2518539E14006D6455 /* NSUIRapidView_IOS_Test */,
				DC47BF74187B44C200033B55 /* GLRapidView_OSX_Test */,
				DCA129E018539CCC006D6455 /* Frameworks */,
				DCA129DF18539CCC006D6455 /* Products */,
			);
			sourceTree = "<group>";
		};
		DCA129DF18539CCC006D6455 /* Products */ = {
			isa = PBXGroup;
			children = (
				DCA129DE18539CCC006D6455 /* NSUIRapidView_OSX_Test.app */,
				DCA12A1E18539E14006D6455 /* NSUIRapidView_IOS_Test.app */,
				DC47BF72187B44C200033B55 /* GLRapidView_OSX_Test.app */,
			);
			name = Products;
			sourceTree = "<group>";
		};
		DCA129E018539CCC006D6455 /* Frameworks */ = {
			isa = PBXGroup;
			children = (
				DCDE1C07186C9F4D00D36E68 /* GLKit.framework */,
				DCDE1C08186C9F4D00D36E68 /* OpenGLES.framework */,
				DCE501D91869531500A3BABB /* GLUT.framework */,
				DCEBEB3F18689B5E001603EF /* OpenGL.framework */,
				DCEBEAA518688499001603EF /* QuartzCore.framework */,
				DCA12A5C18548E52006D6455 /* QuartzCore.framework */,
				DCA129E118539CCC006D6455 /* Cocoa.framework */,
				DCA12A0018539CCC006D6455 /* XCTest.framework */,
				DCA12A1F18539E14006D6455 /* Foundation.framework */,
				DCA12A2118539E14006D6455 /* CoreGraphics.framework */,
				DCA12A2318539E14006D6455 /* UIKit.framework */,
				DC14A2BD186C3A230086F06C /* GLKit.framework */,
				DC14A2BF186C3A230086F06C /* OpenGLES.framework */,
				DCA129E318539CCC006D6455 /* Other Frameworks */,
			);
			name = Frameworks;
			sourceTree = "<group>";
		};
		DCA129E318539CCC006D6455 /* Other Frameworks */ = {
			isa = PBXGroup;
			children = (
				DCA129E418539CCC006D6455 /* AppKit.framework */,
				DCA129E518539CCC006D6455 /* CoreData.framework */,
				DCA129E618539CCC006D6455 /* Foundation.framework */,
			);
			name = "Other Frameworks";
			sourceTree = "<group>";
		};
		DCA129E718539CCC006D6455 /* NSUIRapidView_OSX_Test */ = {
			isa = PBXGroup;
			children = (
				DCA129F318539CCC006D6455 /* NSUIRapidViewAppDelegate.h */,
				DCA129F418539CCC006D6455 /* NSUIRapidViewAppDelegate.m */,
				DCA129F618539CCC006D6455 /* MainMenu.xib */,
				DCA129F918539CCC006D6455 /* Images.xcassets */,
				DCA129E818539CCC006D6455 /* Supporting Files */,
			);
			path = NSUIRapidView_OSX_Test;
			sourceTree = "<group>";
		};
		DCA129E818539CCC006D6455 /* Supporting Files */ = {
			isa = PBXGroup;
			children = (
				DCA129E918539CCC006D6455 /* NSUIRapidView_OSX_Test-Info.plist */,
				DCA129EA18539CCC006D6455 /* InfoPlist.strings */,
				DCA129ED18539CCC006D6455 /* main.m */,
				DCA129EF18539CCC006D6455 /* NSUIRapidView_OSX_Test-Prefix.pch */,
				DCA129F018539CCC006D6455 /* Credits.rtf */,
			);
			name = "Supporting Files";
			sourceTree = "<group>";
		};
		DCA12A2518539E14006D6455 /* NSUIRapidView_IOS_Test */ = {
			isa = PBXGroup;
			children = (
				DCA12A2E18539E14006D6455 /* NSUIRapidViewAppDelegate.h */,
				DCA12A2F18539E14006D6455 /* NSUIRapidViewAppDelegate.m */,
				DCA12A3118539E14006D6455 /* Main_iPhone.storyboard */,
				DCA12A3418539E14006D6455 /* Main_iPad.storyboard */,
				DCA12A3718539E14006D6455 /* NSUIRapidViewViewController.h */,
				DCA12A3818539E14006D6455 /* NSUIRapidViewViewController.m */,
				DCA12A3A18539E14006D6455 /* Images.xcassets */,
				DCA12A2618539E14006D6455 /* Supporting Files */,
			);
			path = NSUIRapidView_IOS_Test;
			sourceTree = "<group>";
		};
		DCA12A2618539E14006D6455 /* Supporting Files */ = {
			isa = PBXGroup;
			children = (
				DCA12A2718539E14006D6455 /* NSUIRapidView_IOS_Test-Info.plist */,
				DCA12A2818539E14006D6455 /* InfoPlist.strings */,
				DCA12A2B18539E14006D6455 /* main.m */,
				DCA12A2D18539E14006D6455 /* NSUIRapidView_IOS_Test-Prefix.pch */,
			);
			name = "Supporting Files";
			sourceTree = "<group>";
		};
		DCDF2DE11879B4F7002C8088 /* OS X */ = {
			isa = PBXGroup;
			children = (
				DCDF2DFA1879B726002C8088 /* XRapidView.h */,
				DCDF2DFB1879B726002C8088 /* XRapidView.m */,
				DCDF2DE21879B4F7002C8088 /* CoreGraphics */,
				DCDF2DE81879B4F7002C8088 /* OpenGL */,
			);
			name = "OS X";
			path = "../NSUIRapidView/OS X";
			sourceTree = "<group>";
		};
		DCDF2DE21879B4F7002C8088 /* CoreGraphics */ = {
			isa = PBXGroup;
			children = (
				DCDF2DE31879B4F7002C8088 /* NSView+DynamicDraw.h */,
				DCDF2DE41879B4F7002C8088 /* NSView+DynamicDraw.m */,
				DCDF2DE51879B4F7002C8088 /* NSView+MouseEvents.h */,
				DCDF2DE61879B4F7002C8088 /* NSView+MouseEvents.m */,
			);
			path = CoreGraphics;
			sourceTree = "<group>";
		};
		DCDF2DE81879B4F7002C8088 /* OpenGL */ = {
			isa = PBXGroup;
			children = (
				DCDF2DE91879B4F7002C8088 /* NSOpenGLView+DynamicDraw.h */,
				DCDF2DEA1879B4F7002C8088 /* NSOpenGLView+DynamicDraw.m */,
				DCDF2DEB1879B4F7002C8088 /* NSOpenGLView+MouseEvents.h */,
				DCDF2DEC1879B4F7002C8088 /* NSOpenGLView+MouseEvents.m */,
			);
			path = OpenGL;
			sourceTree = "<group>";
		};
		DCDF2DF11879B56C002C8088 /* iOS */ = {
			isa = PBXGroup;
			children = (
				DCDF2DF21879B56C002C8088 /* CoreGraphics */,
			);
			name = iOS;
			path = ../NSUIRapidView/iOS;
			sourceTree = "<group>";
		};
		DCDF2DF21879B56C002C8088 /* CoreGraphics */ = {
			isa = PBXGroup;
			children = (
				DCDF2DF31879B56C002C8088 /* UIView+DynamicDraw.h */,
				DCDF2DF41879B56C002C8088 /* UIView+DynamicDraw.m */,
				DCDF2DF51879B56C002C8088 /* UIView+TouchesEvents.h */,
				DCDF2DF61879B56C002C8088 /* UIView+TouchesEvents.m */,
			);
			path = CoreGraphics;
			sourceTree = "<group>";
		};
		DCEBEA781868825D001603EF /* Common tests  */ = {
			isa = PBXGroup;
			children = (
				DCEA20721857A5B30002ADB4 /* Life.h */,
				DCEA20731857A5B30002ADB4 /* Life.m */,
				DCA12A551853A68E006D6455 /* CommonDrawCode.h */,
				DCA12A561853A68E006D6455 /* CommonDrawCode.m */,
			);
			name = "Common tests ";
			sourceTree = "<group>";
		};
		DCEBEA7918688278001603EF /* NSUIView */ = {
			isa = PBXGroup;
			children = (
				DCDF2DF11879B56C002C8088 /* iOS */,
				DCDF2DE11879B4F7002C8088 /* OS X */,
			);
			name = NSUIView;
			sourceTree = "<group>";
		};
/* End PBXGroup section */

/* Begin PBXNativeTarget section */
		DC47BF71187B44C200033B55 /* GLRapidView_OSX_Test */ = {
			isa = PBXNativeTarget;
			buildConfigurationList = DC47BF9D187B44C300033B55 /* Build configuration list for PBXNativeTarget "GLRapidView_OSX_Test" */;
			buildPhases = (
				DC47BF6E187B44C200033B55 /* Sources */,
				DC47BF6F187B44C200033B55 /* Frameworks */,
				DC47BF70187B44C200033B55 /* Resources */,
			);
			buildRules = (
			);
			dependencies = (
			);
			name = GLRapidView_OSX_Test;
			productName = GLRapidView_OSX_Test;
			productReference = DC47BF72187B44C200033B55 /* GLRapidView_OSX_Test.app */;
			productType = "com.apple.product-type.application";
		};
		DCA129DD18539CCC006D6455 /* NSUIRapidView_OSX_Test */ = {
			isa = PBXNativeTarget;
			buildConfigurationList = DCA12A0F18539CCC006D6455 /* Build configuration list for PBXNativeTarget "NSUIRapidView_OSX_Test" */;
			buildPhases = (
				DCA129DA18539CCC006D6455 /* Sources */,
				DCA129DB18539CCC006D6455 /* Frameworks */,
				DCA129DC18539CCC006D6455 /* Resources */,
			);
			buildRules = (
			);
			dependencies = (
			);
			name = NSUIRapidView_OSX_Test;
			productName = NSUIRapidView_OSX_Test;
			productReference = DCA129DE18539CCC006D6455 /* NSUIRapidView_OSX_Test.app */;
			productType = "com.apple.product-type.application";
		};
		DCA12A1D18539E14006D6455 /* NSUIRapidView_IOS_Test */ = {
			isa = PBXNativeTarget;
			buildConfigurationList = DCA12A4E18539E15006D6455 /* Build configuration list for PBXNativeTarget "NSUIRapidView_IOS_Test" */;
			buildPhases = (
				DCA12A1A18539E14006D6455 /* Sources */,
				DCA12A1B18539E14006D6455 /* Frameworks */,
				DCA12A1C18539E14006D6455 /* Resources */,
			);
			buildRules = (
			);
			dependencies = (
			);
			name = NSUIRapidView_IOS_Test;
			productName = NSUIRapidView_IOS_Test;
			productReference = DCA12A1E18539E14006D6455 /* NSUIRapidView_IOS_Test.app */;
			productType = "com.apple.product-type.application";
		};
/* End PBXNativeTarget section */

/* Begin PBXProject section */
		DCA129D618539CCB006D6455 /* Project object */ = {
			isa = PBXProject;
			attributes = {
				CLASSPREFIX = NSUIRapidView;
				LastUpgradeCheck = 0500;
				ORGANIZATIONNAME = "Dragan Petrovic";
			};
			buildConfigurationList = DCA129D918539CCB006D6455 /* Build configuration list for PBXProject "NSUIRapidView" */;
			compatibilityVersion = "Xcode 3.2";
			developmentRegion = English;
			hasScannedForEncodings = 0;
			knownRegions = (
				en,
				Base,
			);
			mainGroup = DCA129D518539CCB006D6455;
			productRefGroup = DCA129DF18539CCC006D6455 /* Products */;
			projectDirPath = "";
			projectRoot = "";
			targets = (
				DCA129DD18539CCC006D6455 /* NSUIRapidView_OSX_Test */,
				DC47BF71187B44C200033B55 /* GLRapidView_OSX_Test */,
				DCA12A1D18539E14006D6455 /* NSUIRapidView_IOS_Test */,
			);
		};
/* End PBXProject section */

/* Begin PBXResourcesBuildPhase section */
		DC47BF70187B44C200033B55 /* Resources */ = {
			isa = PBXResourcesBuildPhase;
			buildActionMask = 2147483647;
			files = (
				DC47BFB2187B4E5100033B55 /* fragment1.fsh in Resources */,
				DC47BFB3187B4E5100033B55 /* fragment2.fsh in Resources */,
				DC47BFB4187B4E5100033B55 /* fragment3.fsh in Resources */,
				DC47BFB5187B4E5100033B55 /* vertex.vsh in Resources */,
				DC47BF79187B44C200033B55 /* InfoPlist.strings in Resources */,
				DC47BF87187B44C200033B55 /* Images.xcassets in Resources */,
				DC47BF7F187B44C200033B55 /* Credits.rtf in Resources */,
				DC47BF85187B44C200033B55 /* MainMenu.xib in Resources */,
			);
			runOnlyForDeploymentPostprocessing = 0;
		};
		DCA129DC18539CCC006D6455 /* Resources */ = {
			isa = PBXResourcesBuildPhase;
			buildActionMask = 2147483647;
			files = (
				DCA129EC18539CCC006D6455 /* InfoPlist.strings in Resources */,
				DCA129FA18539CCC006D6455 /* Images.xcassets in Resources */,
				DCA129F218539CCC006D6455 /* Credits.rtf in Resources */,
				DCA129F818539CCC006D6455 /* MainMenu.xib in Resources */,
			);
			runOnlyForDeploymentPostprocessing = 0;
		};
		DCA12A1C18539E14006D6455 /* Resources */ = {
			isa = PBXResourcesBuildPhase;
			buildActionMask = 2147483647;
			files = (
				DCA12A3618539E14006D6455 /* Main_iPad.storyboard in Resources */,
				DCA12A3B18539E14006D6455 /* Images.xcassets in Resources */,
				DCA12A3318539E14006D6455 /* Main_iPhone.storyboard in Resources */,
				DCA12A2A18539E14006D6455 /* InfoPlist.strings in Resources */,
			);
			runOnlyForDeploymentPostprocessing = 0;
		};
/* End PBXResourcesBuildPhase section */

/* Begin PBXSourcesBuildPhase section */
		DC47BF6E187B44C200033B55 /* Sources */ = {
			isa = PBXSourcesBuildPhase;
			buildActionMask = 2147483647;
			files = (
				DC47BFAF187B4DC500033B55 /* fragment2.fsh in Sources */,
				DC47BF82187B44C200033B55 /* GLRapidView_OSX_TestAppDelegate.m in Sources */,
				DC47BFA4187B4BBB00033B55 /* NSOpenGLView+DynamicDraw.m in Sources */,
				DC47BFB0187B4DC500033B55 /* fragment3.fsh in Sources */,
				DC47BFAE187B4DC500033B55 /* fragment1.fsh in Sources */,
				DC47BF7B187B44C200033B55 /* main.m in Sources */,
				DC47BFA3187B4BB600033B55 /* NSOpenGLView+MouseEvents.m in Sources */,
				DC47BFB1187B4DC500033B55 /* vertex.vsh in Sources */,
			);
			runOnlyForDeploymentPostprocessing = 0;
		};
		DCA129DA18539CCC006D6455 /* Sources */ = {
			isa = PBXSourcesBuildPhase;
			buildActionMask = 2147483647;
			files = (
				DCDF2DFC1879B726002C8088 /* XRapidView.m in Sources */,
				DCA12A571853A68E006D6455 /* CommonDrawCode.m in Sources */,
				DCA129EE18539CCC006D6455 /* main.m in Sources */,
				DCDF2DED1879B4F7002C8088 /* NSView+DynamicDraw.m in Sources */,
				DCDF2DEE1879B4F7002C8088 /* NSView+MouseEvents.m in Sources */,
				DCA129F518539CCC006D6455 /* NSUIRapidViewAppDelegate.m in Sources */,
				DCEA20741857A5B30002ADB4 /* Life.m in Sources */,
			);
			runOnlyForDeploymentPostprocessing = 0;
		};
		DCA12A1A18539E14006D6455 /* Sources */ = {
			isa = PBXSourcesBuildPhase;
			buildActionMask = 2147483647;
			files = (
				DCA12A2C18539E14006D6455 /* main.m in Sources */,
				DCA12A3918539E14006D6455 /* NSUIRapidViewViewController.m in Sources */,
				DCEA20751857A5B30002ADB4 /* Life.m in Sources */,
				DCA12A581853A68E006D6455 /* CommonDrawCode.m in Sources */,
				DCDF2DF81879B56C002C8088 /* UIView+TouchesEvents.m in Sources */,
				DCDF2DF71879B56C002C8088 /* UIView+DynamicDraw.m in Sources */,
				DCA12A3018539E14006D6455 /* NSUIRapidViewAppDelegate.m in Sources */,
			);
			runOnlyForDeploymentPostprocessing = 0;
		};
/* End PBXSourcesBuildPhase section */

/* Begin PBXVariantGroup section */
		DC47BF77187B44C200033B55 /* InfoPlist.strings */ = {
			isa = PBXVariantGroup;
			children = (
				DC47BF78187B44C200033B55 /* en */,
			);
			name = InfoPlist.strings;
			sourceTree = "<group>";
		};
		DC47BF7D187B44C200033B55 /* Credits.rtf */ = {
			isa = PBXVariantGroup;
			children = (
				DC47BF7E187B44C200033B55 /* en */,
			);
			name = Credits.rtf;
			sourceTree = "<group>";
		};
		DC47BF83187B44C200033B55 /* MainMenu.xib */ = {
			isa = PBXVariantGroup;
			children = (
				DC47BF84187B44C200033B55 /* Base */,
			);
			name = MainMenu.xib;
			sourceTree = "<group>";
		};
		DCA129EA18539CCC006D6455 /* InfoPlist.strings */ = {
			isa = PBXVariantGroup;
			children = (
				DCA129EB18539CCC006D6455 /* en */,
			);
			name = InfoPlist.strings;
			sourceTree = "<group>";
		};
		DCA129F018539CCC006D6455 /* Credits.rtf */ = {
			isa = PBXVariantGroup;
			children = (
				DCA129F118539CCC006D6455 /* en */,
			);
			name = Credits.rtf;
			sourceTree = "<group>";
		};
		DCA129F618539CCC006D6455 /* MainMenu.xib */ = {
			isa = PBXVariantGroup;
			children = (
				DCA129F718539CCC006D6455 /* Base */,
			);
			name = MainMenu.xib;
			sourceTree = "<group>";
		};
		DCA12A2818539E14006D6455 /* InfoPlist.strings */ = {
			isa = PBXVariantGroup;
			children = (
				DCA12A2918539E14006D6455 /* en */,
			);
			name = InfoPlist.strings;
			sourceTree = "<group>";
		};
		DCA12A3118539E14006D6455 /* Main_iPhone.storyboard */ = {
			isa = PBXVariantGroup;
			children = (
				DCA12A3218539E14006D6455 /* Base */,
			);
			name = Main_iPhone.storyboard;
			sourceTree = "<group>";
		};
		DCA12A3418539E14006D6455 /* Main_iPad.storyboard */ = {
			isa = PBXVariantGroup;
			children = (
				DCA12A3518539E14006D6455 /* Base */,
			);
			name = Main_iPad.storyboard;
			sourceTree = "<group>";
		};
/* End PBXVariantGroup section */

/* Begin XCBuildConfiguration section */
		DC47BF99187B44C300033B55 /* Debug */ = {
			isa = XCBuildConfiguration;
			buildSettings = {
				ASSETCATALOG_COMPILER_APPICON_NAME = AppIcon;
				COMBINE_HIDPI_IMAGES = YES;
				GCC_PRECOMPILE_PREFIX_HEADER = YES;
				GCC_PREFIX_HEADER = "GLRapidView_OSX_Test/GLRapidView_OSX_Test-Prefix.pch";
				GCC_PREPROCESSOR_DEFINITIONS = (
					"DEBUG=1",
					"$(inherited)",
				);
				INFOPLIST_FILE = "GLRapidView_OSX_Test/GLRapidView_OSX_Test-Info.plist";
				MACOSX_DEPLOYMENT_TARGET = 10.9;
				PRODUCT_NAME = "$(TARGET_NAME)";
				WRAPPER_EXTENSION = app;
			};
			name = Debug;
		};
		DC47BF9A187B44C300033B55 /* Release */ = {
			isa = XCBuildConfiguration;
			buildSettings = {
				ASSETCATALOG_COMPILER_APPICON_NAME = AppIcon;
				COMBINE_HIDPI_IMAGES = YES;
				GCC_PRECOMPILE_PREFIX_HEADER = YES;
				GCC_PREFIX_HEADER = "GLRapidView_OSX_Test/GLRapidView_OSX_Test-Prefix.pch";
				INFOPLIST_FILE = "GLRapidView_OSX_Test/GLRapidView_OSX_Test-Info.plist";
				MACOSX_DEPLOYMENT_TARGET = 10.9;
				PRODUCT_NAME = "$(TARGET_NAME)";
				WRAPPER_EXTENSION = app;
			};
			name = Release;
		};
		DCA12A0D18539CCC006D6455 /* Debug */ = {
			isa = XCBuildConfiguration;
			buildSettings = {
				ALWAYS_SEARCH_USER_PATHS = NO;
				CLANG_CXX_LANGUAGE_STANDARD = "gnu++0x";
				CLANG_CXX_LIBRARY = "libc++";
				CLANG_ENABLE_OBJC_ARC = YES;
				CLANG_WARN_BOOL_CONVERSION = YES;
				CLANG_WARN_CONSTANT_CONVERSION = YES;
				CLANG_WARN_DIRECT_OBJC_ISA_USAGE = YES_ERROR;
				CLANG_WARN_EMPTY_BODY = YES;
				CLANG_WARN_ENUM_CONVERSION = YES;
				CLANG_WARN_INT_CONVERSION = YES;
				CLANG_WARN_OBJC_ROOT_CLASS = YES_ERROR;
				CLANG_WARN__DUPLICATE_METHOD_MATCH = YES;
				COPY_PHASE_STRIP = NO;
				GCC_C_LANGUAGE_STANDARD = gnu99;
				GCC_DYNAMIC_NO_PIC = NO;
				GCC_ENABLE_OBJC_EXCEPTIONS = YES;
				GCC_OPTIMIZATION_LEVEL = 0;
				GCC_PREPROCESSOR_DEFINITIONS = (
					"DEBUG=1",
					"$(inherited)",
				);
				GCC_SYMBOLS_PRIVATE_EXTERN = NO;
				GCC_WARN_64_TO_32_BIT_CONVERSION = YES;
				GCC_WARN_ABOUT_RETURN_TYPE = YES_ERROR;
				GCC_WARN_UNDECLARED_SELECTOR = YES;
				GCC_WARN_UNINITIALIZED_AUTOS = YES;
				GCC_WARN_UNUSED_FUNCTION = YES;
				GCC_WARN_UNUSED_VARIABLE = YES;
				MACOSX_DEPLOYMENT_TARGET = 10.8;
				ONLY_ACTIVE_ARCH = YES;
				SDKROOT = macosx;
			};
			name = Debug;
		};
		DCA12A0E18539CCC006D6455 /* Release */ = {
			isa = XCBuildConfiguration;
			buildSettings = {
				ALWAYS_SEARCH_USER_PATHS = NO;
				CLANG_CXX_LANGUAGE_STANDARD = "gnu++0x";
				CLANG_CXX_LIBRARY = "libc++";
				CLANG_ENABLE_OBJC_ARC = YES;
				CLANG_WARN_BOOL_CONVERSION = YES;
				CLANG_WARN_CONSTANT_CONVERSION = YES;
				CLANG_WARN_DIRECT_OBJC_ISA_USAGE = YES_ERROR;
				CLANG_WARN_EMPTY_BODY = YES;
				CLANG_WARN_ENUM_CONVERSION = YES;
				CLANG_WARN_INT_CONVERSION = YES;
				CLANG_WARN_OBJC_ROOT_CLASS = YES_ERROR;
				CLANG_WARN__DUPLICATE_METHOD_MATCH = YES;
				COPY_PHASE_STRIP = YES;
				DEBUG_INFORMATION_FORMAT = "dwarf-with-dsym";
				ENABLE_NS_ASSERTIONS = NO;
				GCC_C_LANGUAGE_STANDARD = gnu99;
				GCC_ENABLE_OBJC_EXCEPTIONS = YES;
				GCC_WARN_64_TO_32_BIT_CONVERSION = YES;
				GCC_WARN_ABOUT_RETURN_TYPE = YES_ERROR;
				GCC_WARN_UNDECLARED_SELECTOR = YES;
				GCC_WARN_UNINITIALIZED_AUTOS = YES;
				GCC_WARN_UNUSED_FUNCTION = YES;
				GCC_WARN_UNUSED_VARIABLE = YES;
				MACOSX_DEPLOYMENT_TARGET = 10.8;
				SDKROOT = macosx;
			};
			name = Release;
		};
		DCA12A1018539CCC006D6455 /* Debug */ = {
			isa = XCBuildConfiguration;
			buildSettings = {
				ASSETCATALOG_COMPILER_APPICON_NAME = AppIcon;
				COMBINE_HIDPI_IMAGES = YES;
				GCC_PRECOMPILE_PREFIX_HEADER = YES;
				GCC_PREFIX_HEADER = "NSUIRapidView_OSX_Test/NSUIRapidView_OSX_Test-Prefix.pch";
				INFOPLIST_FILE = "NSUIRapidView_OSX_Test/NSUIRapidView_OSX_Test-Info.plist";
				MACOSX_DEPLOYMENT_TARGET = 10.7;
				PRODUCT_NAME = "$(TARGET_NAME)";
				WRAPPER_EXTENSION = app;
			};
			name = Debug;
		};
		DCA12A1118539CCC006D6455 /* Release */ = {
			isa = XCBuildConfiguration;
			buildSettings = {
				ASSETCATALOG_COMPILER_APPICON_NAME = AppIcon;
				COMBINE_HIDPI_IMAGES = YES;
				GCC_PRECOMPILE_PREFIX_HEADER = YES;
				GCC_PREFIX_HEADER = "NSUIRapidView_OSX_Test/NSUIRapidView_OSX_Test-Prefix.pch";
				INFOPLIST_FILE = "NSUIRapidView_OSX_Test/NSUIRapidView_OSX_Test-Info.plist";
				MACOSX_DEPLOYMENT_TARGET = 10.7;
				PRODUCT_NAME = "$(TARGET_NAME)";
				WRAPPER_EXTENSION = app;
			};
			name = Release;
		};
		DCA12A4F18539E15006D6455 /* Debug */ = {
			isa = XCBuildConfiguration;
			buildSettings = {
				ARCHS = "$(ARCHS_STANDARD_INCLUDING_64_BIT)";
				ASSETCATALOG_COMPILER_APPICON_NAME = AppIcon;
				ASSETCATALOG_COMPILER_LAUNCHIMAGE_NAME = LaunchImage;
				CLANG_ENABLE_MODULES = YES;
				CLANG_ENABLE_OBJC_ARC = NO;
				"CODE_SIGN_IDENTITY[sdk=iphoneos*]" = "iPhone Developer";
				FRAMEWORK_SEARCH_PATHS = (
					"$(inherited)",
					"$(DEVELOPER_FRAMEWORKS_DIR)",
				);
				GCC_PRECOMPILE_PREFIX_HEADER = YES;
				GCC_PREFIX_HEADER = "NSUIRapidView_IOS_Test/NSUIRapidView_IOS_Test-Prefix.pch";
				GCC_PREPROCESSOR_DEFINITIONS = (
					"DEBUG=1",
					"$(inherited)",
				);
				INFOPLIST_FILE = "NSUIRapidView_IOS_Test/NSUIRapidView_IOS_Test-Info.plist";
				IPHONEOS_DEPLOYMENT_TARGET = 7.0;
				PRODUCT_NAME = "$(TARGET_NAME)";
				SDKROOT = iphoneos;
				TARGETED_DEVICE_FAMILY = "1,2";
				WRAPPER_EXTENSION = app;
			};
			name = Debug;
		};
		DCA12A5018539E15006D6455 /* Release */ = {
			isa = XCBuildConfiguration;
			buildSettings = {
				ARCHS = "$(ARCHS_STANDARD_INCLUDING_64_BIT)";
				ASSETCATALOG_COMPILER_APPICON_NAME = AppIcon;
				ASSETCATALOG_COMPILER_LAUNCHIMAGE_NAME = LaunchImage;
				CLANG_ENABLE_MODULES = YES;
				CLANG_ENABLE_OBJC_ARC = NO;
				"CODE_SIGN_IDENTITY[sdk=iphoneos*]" = "iPhone Developer";
				FRAMEWORK_SEARCH_PATHS = (
					"$(inherited)",
					"$(DEVELOPER_FRAMEWORKS_DIR)",
				);
				GCC_PRECOMPILE_PREFIX_HEADER = YES;
				GCC_PREFIX_HEADER = "NSUIRapidView_IOS_Test/NSUIRapidView_IOS_Test-Prefix.pch";
				INFOPLIST_FILE = "NSUIRapidView_IOS_Test/NSUIRapidView_IOS_Test-Info.plist";
				IPHONEOS_DEPLOYMENT_TARGET = 7.0;
				PRODUCT_NAME = "$(TARGET_NAME)";
				SDKROOT = iphoneos;
				TARGETED_DEVICE_FAMILY = "1,2";
				VALIDATE_PRODUCT = YES;
				WRAPPER_EXTENSION = app;
			};
			name = Release;
		};
/* End XCBuildConfiguration section */

/* Begin XCConfigurationList section */
		DC47BF9D187B44C300033B55 /* Build configuration list for PBXNativeTarget "GLRapidView_OSX_Test" */ = {
			isa = XCConfigurationList;
			buildConfigurations = (
				DC47BF99187B44C300033B55 /* Debug */,
				DC47BF9A187B44C300033B55 /* Release */,
			);
			defaultConfigurationIsVisible = 0;
		};
		DCA129D918539CCB006D6455 /* Build configuration list for PBXProject "NSUIRapidView" */ = {
			isa = XCConfigurationList;
			buildConfigurations = (
				DCA12A0D18539CCC006D6455 /* Debug */,
				DCA12A0E18539CCC006D6455 /* Release */,
			);
			defaultConfigurationIsVisible = 0;
			defaultConfigurationName = Release;
		};
		DCA12A0F18539CCC006D6455 /* Build configuration list for PBXNativeTarget "NSUIRapidView_OSX_Test" */ = {
			isa = XCConfigurationList;
			buildConfigurations = (
				DCA12A1018539CCC006D6455 /* Debug */,
				DCA12A1118539CCC006D6455 /* Release */,
			);
			defaultConfigurationIsVisible = 0;
			defaultConfigurationName = Release;
		};
		DCA12A4E18539E15006D6455 /* Build configuration list for PBXNativeTarget "NSUIRapidView_IOS_Test" */ = {
			isa = XCConfigurationList;
			buildConfigurations = (
				DCA12A4F18539E15006D6455 /* Debug */,
				DCA12A5018539E15006D6455 /* Release */,
			);
			defaultConfigurationIsVisible = 0;
			defaultConfigurationName = Release;
		};
/* End XCConfigurationList section */
	};
	rootObject = DCA129D618539CCB006D6455 /* Project object */;
}
